
Microsoft Visual Studio Solution File, Format Version 12.00
# Visual Studio Version 17
VisualStudioVersion = 17.1.32319.34
MinimumVisualStudioVersion = 10.0.40219.1
Project("{9A19103F-16F7-4668-BE54-9A1E7A4F7556}") = "Model", "Model\Model.csproj", "{2960F9BA-49DE-494D-92E3-CE5A794BA1A9}"
EndProject
Project("{2150E333-8FDC-42A3-9474-1A3956D46DE8}") = "Tests", "Tests", "{C76D0C23-1FFA-4963-93CD-E12BD643F030}"
EndProject
Project("{9A19103F-16F7-4668-BE54-9A1E7A4F7556}") = "ConsoleTests", "Tests\ConsoleTests\ConsoleTests.csproj", "{1889FA6E-B7C6-416E-8628-9449FB9070B9}"
EndProject
Project("{9A19103F-16F7-4668-BE54-9A1E7A4F7556}") = "Shared", "Shared\Shared.csproj", "{3B720C0C-53FE-4642-A2DB-87FD8634CD74}"
EndProject
Project("{2150E333-8FDC-42A3-9474-1A3956D46DE8}") = "Stub", "Stub", "{2C607793-B163-4731-A4D1-AFE8A7C4C170}"
EndProject
Project("{9A19103F-16F7-4668-BE54-9A1E7A4F7556}") = "StubLib", "StubLib\StubLib.csproj", "{B01D7EF2-2D64-409A-A29A-61FB7BB7A9DB}"
EndProject
Project("{9A19103F-16F7-4668-BE54-9A1E7A4F7556}") = "API_lol", "API_lol\API_lol.csproj", "{EA137883-528C-401B-81F8-4F715D5E0A65}"
EndProject
Project("{9A19103F-16F7-4668-BE54-9A1E7A4F7556}") = "DTO", "DTO\DTO.csproj", "{52295B2D-7F3C-4D43-8849-231F515024A5}"
EndProject
Project("{9A19103F-16F7-4668-BE54-9A1E7A4F7556}") = "Entity Framework", "Entity Framework\Entity Framework.csproj", "{0917DBBF-474C-4FF5-8238-43A6D3E73FDB}"
EndProject
Project("{9A19103F-16F7-4668-BE54-9A1E7A4F7556}") = "TestEntityFramework", "TestEntityFramework\TestEntityFramework.csproj", "{61E8166F-7B8F-4ACA-9BC2-0CE1BEE3D0B6}"
EndProject
Project("{9A19103F-16F7-4668-BE54-9A1E7A4F7556}") = "TestApiRest", "TestApiRest\TestApiRest.csproj", "{FAC23167-30B9-458F-8DC5-C80D7FFF8BBD}"
EndProject
Project("{2150E333-8FDC-42A3-9474-1A3956D46DE8}") = "Solution Items", "Solution Items", "{F94A91A5-8E70-460F-A799-74D20E61D107}"
	ProjectSection(SolutionItems) = preProject
		..\.drone.yml = ..\.drone.yml
	EndProjectSection
EndProject
Project("{9A19103F-16F7-4668-BE54-9A1E7A4F7556}") = "AppHttpClient", "AppHttpClient\AppHttpClient.csproj", "{0ECB5F28-946D-41C2-9C31-68EC2A8EA42B}"
EndProject
Project("{FAE04EC0-301F-11D3-BF4B-00C04F79EFBC}") = "TestMappers", "TestMappers\TestMappers.csproj", "{F8AEAD2B-8F7E-40BC-B051-BE4B924396BF}"
EndProject
Project("{FAE04EC0-301F-11D3-BF4B-00C04F79EFBC}") = "ApplicationHTTPClient", "ApplicationHTTPClient\ApplicationHTTPClient.csproj", "{215E48FF-E0F7-412E-9C7A-DFCA424C4EF0}"
EndProject
Global
	GlobalSection(SolutionConfigurationPlatforms) = preSolution
		Debug|Any CPU = Debug|Any CPU
		Release|Any CPU = Release|Any CPU
	EndGlobalSection
	GlobalSection(ProjectConfigurationPlatforms) = postSolution
		{2960F9BA-49DE-494D-92E3-CE5A794BA1A9}.Debug|Any CPU.ActiveCfg = Debug|Any CPU
		{2960F9BA-49DE-494D-92E3-CE5A794BA1A9}.Debug|Any CPU.Build.0 = Debug|Any CPU
		{2960F9BA-49DE-494D-92E3-CE5A794BA1A9}.Release|Any CPU.ActiveCfg = Release|Any CPU
		{2960F9BA-49DE-494D-92E3-CE5A794BA1A9}.Release|Any CPU.Build.0 = Release|Any CPU
		{1889FA6E-B7C6-416E-8628-9449FB9070B9}.Debug|Any CPU.ActiveCfg = Debug|Any CPU
		{1889FA6E-B7C6-416E-8628-9449FB9070B9}.Debug|Any CPU.Build.0 = Debug|Any CPU
		{1889FA6E-B7C6-416E-8628-9449FB9070B9}.Release|Any CPU.ActiveCfg = Release|Any CPU
		{1889FA6E-B7C6-416E-8628-9449FB9070B9}.Release|Any CPU.Build.0 = Release|Any CPU
		{3B720C0C-53FE-4642-A2DB-87FD8634CD74}.Debug|Any CPU.ActiveCfg = Debug|Any CPU
		{3B720C0C-53FE-4642-A2DB-87FD8634CD74}.Debug|Any CPU.Build.0 = Debug|Any CPU
		{3B720C0C-53FE-4642-A2DB-87FD8634CD74}.Release|Any CPU.ActiveCfg = Release|Any CPU
		{3B720C0C-53FE-4642-A2DB-87FD8634CD74}.Release|Any CPU.Build.0 = Release|Any CPU
		{B01D7EF2-2D64-409A-A29A-61FB7BB7A9DB}.Debug|Any CPU.ActiveCfg = Debug|Any CPU
		{B01D7EF2-2D64-409A-A29A-61FB7BB7A9DB}.Debug|Any CPU.Build.0 = Debug|Any CPU
		{B01D7EF2-2D64-409A-A29A-61FB7BB7A9DB}.Release|Any CPU.ActiveCfg = Release|Any CPU
		{B01D7EF2-2D64-409A-A29A-61FB7BB7A9DB}.Release|Any CPU.Build.0 = Release|Any CPU
		{EA137883-528C-401B-81F8-4F715D5E0A65}.Debug|Any CPU.ActiveCfg = Debug|Any CPU
		{EA137883-528C-401B-81F8-4F715D5E0A65}.Debug|Any CPU.Build.0 = Debug|Any CPU
		{EA137883-528C-401B-81F8-4F715D5E0A65}.Release|Any CPU.ActiveCfg = Release|Any CPU
		{EA137883-528C-401B-81F8-4F715D5E0A65}.Release|Any CPU.Build.0 = Release|Any CPU
		{52295B2D-7F3C-4D43-8849-231F515024A5}.Debug|Any CPU.ActiveCfg = Debug|Any CPU
		{52295B2D-7F3C-4D43-8849-231F515024A5}.Debug|Any CPU.Build.0 = Debug|Any CPU
		{52295B2D-7F3C-4D43-8849-231F515024A5}.Release|Any CPU.ActiveCfg = Release|Any CPU
		{52295B2D-7F3C-4D43-8849-231F515024A5}.Release|Any CPU.Build.0 = Release|Any CPU
		{0917DBBF-474C-4FF5-8238-43A6D3E73FDB}.Debug|Any CPU.ActiveCfg = Debug|Any CPU
		{0917DBBF-474C-4FF5-8238-43A6D3E73FDB}.Debug|Any CPU.Build.0 = Debug|Any CPU
		{0917DBBF-474C-4FF5-8238-43A6D3E73FDB}.Release|Any CPU.ActiveCfg = Release|Any CPU
		{0917DBBF-474C-4FF5-8238-43A6D3E73FDB}.Release|Any CPU.Build.0 = Release|Any CPU
		{61E8166F-7B8F-4ACA-9BC2-0CE1BEE3D0B6}.Debug|Any CPU.ActiveCfg = Debug|Any CPU
		{61E8166F-7B8F-4ACA-9BC2-0CE1BEE3D0B6}.Debug|Any CPU.Build.0 = Debug|Any CPU
		{61E8166F-7B8F-4ACA-9BC2-0CE1BEE3D0B6}.Release|Any CPU.ActiveCfg = Release|Any CPU
		{61E8166F-7B8F-4ACA-9BC2-0CE1BEE3D0B6}.Release|Any CPU.Build.0 = Release|Any CPU
		{FAC23167-30B9-458F-8DC5-C80D7FFF8BBD}.Debug|Any CPU.ActiveCfg = Debug|Any CPU
		{FAC23167-30B9-458F-8DC5-C80D7FFF8BBD}.Debug|Any CPU.Build.0 = Debug|Any CPU
		{FAC23167-30B9-458F-8DC5-C80D7FFF8BBD}.Release|Any CPU.ActiveCfg = Release|Any CPU
		{FAC23167-30B9-458F-8DC5-C80D7FFF8BBD}.Release|Any CPU.Build.0 = Release|Any CPU
		{0ECB5F28-946D-41C2-9C31-68EC2A8EA42B}.Debug|Any CPU.ActiveCfg = Debug|Any CPU
		{0ECB5F28-946D-41C2-9C31-68EC2A8EA42B}.Debug|Any CPU.Build.0 = Debug|Any CPU
		{0ECB5F28-946D-41C2-9C31-68EC2A8EA42B}.Release|Any CPU.ActiveCfg = Release|Any CPU
		{0ECB5F28-946D-41C2-9C31-68EC2A8EA42B}.Release|Any CPU.Build.0 = Release|Any CPU
		{F8AEAD2B-8F7E-40BC-B051-BE4B924396BF}.Debug|Any CPU.ActiveCfg = Debug|Any CPU
		{F8AEAD2B-8F7E-40BC-B051-BE4B924396BF}.Debug|Any CPU.Build.0 = Debug|Any CPU
		{F8AEAD2B-8F7E-40BC-B051-BE4B924396BF}.Release|Any CPU.ActiveCfg = Release|Any CPU
		{F8AEAD2B-8F7E-40BC-B051-BE4B924396BF}.Release|Any CPU.Build.0 = Release|Any CPU
		{215E48FF-E0F7-412E-9C7A-DFCA424C4EF0}.Debug|Any CPU.ActiveCfg = Debug|Any CPU
		{215E48FF-E0F7-412E-9C7A-DFCA424C4EF0}.Debug|Any CPU.Build.0 = Debug|Any CPU
		{215E48FF-E0F7-412E-9C7A-DFCA424C4EF0}.Release|Any CPU.ActiveCfg = Release|Any CPU
		{215E48FF-E0F7-412E-9C7A-DFCA424C4EF0}.Release|Any CPU.Build.0 = Release|Any CPU
	EndGlobalSection
	GlobalSection(SolutionProperties) = preSolution
		HideSolutionNode = FALSE
	EndGlobalSection
	GlobalSection(NestedProjects) = preSolution
		{1889FA6E-B7C6-416E-8628-9449FB9070B9} = {C76D0C23-1FFA-4963-93CD-E12BD643F030}
		{B01D7EF2-2D64-409A-A29A-61FB7BB7A9DB} = {2C607793-B163-4731-A4D1-AFE8A7C4C170}
		{61E8166F-7B8F-4ACA-9BC2-0CE1BEE3D0B6} = {C76D0C23-1FFA-4963-93CD-E12BD643F030}
		{FAC23167-30B9-458F-8DC5-C80D7FFF8BBD} = {C76D0C23-1FFA-4963-93CD-E12BD643F030}
		{F8AEAD2B-8F7E-40BC-B051-BE4B924396BF} = {C76D0C23-1FFA-4963-93CD-E12BD643F030}
	EndGlobalSection
	GlobalSection(ExtensibilityGlobals) = postSolution
		SolutionGuid = {92F3083D-793F-4552-8A9A-0AD6534159C9}
	EndGlobalSection
EndGlobal
